
Microsoft Visual Studio Solution File, Format Version 12.00
# Visual Studio Version 17
VisualStudioVersion = 17.0.31903.59
MinimumVisualStudioVersion = 10.0.40219.1
Project("{2150E333-8FDC-42A3-9474-1A3956D46DE8}") = "src", "src", "{827E0CD3-B72D-47B6-A68D-7590B98EB39B}"
EndProject
Project("{FAE04EC0-301F-11D3-BF4B-00C04F79EFBC}") = "Quantira.Domain", "src\Quantira.Domain\Quantira.Domain.csproj", "{4E7AFB88-7840-4957-A99F-119B6E9A0571}"
EndProject
Project("{FAE04EC0-301F-11D3-BF4B-00C04F79EFBC}") = "Quantira.Application", "src\Quantira.Application\Quantira.Application.csproj", "{CFB0BB8B-5FF3-45A3-AE0C-4A05904D7F90}"
EndProject
Project("{FAE04EC0-301F-11D3-BF4B-00C04F79EFBC}") = "Quantira.Infrastructure", "src\Quantira.Infrastructure\Quantira.Infrastructure.csproj", "{006F342E-F0B7-41E2-BC49-565C8354A4EB}"
EndProject
Project("{FAE04EC0-301F-11D3-BF4B-00C04F79EFBC}") = "Quantira.Infrastructure.AI", "src\Quantira.Infrastructure.AI\Quantira.Infrastructure.AI.csproj", "{D7DE6CB0-90F5-46C7-9F2E-E8DFBB71CC96}"
EndProject
Project("{FAE04EC0-301F-11D3-BF4B-00C04F79EFBC}") = "Quantira.WebAPI", "src\Quantira.WebAPI\Quantira.WebAPI.csproj", "{EA7EDF06-30A5-4DA4-BC71-64C967520096}"
EndProject
Project("{2150E333-8FDC-42A3-9474-1A3956D46DE8}") = "tests", "tests", "{0AB3BF05-4346-4AA6-1389-037BE0695223}"
EndProject
Project("{FAE04EC0-301F-11D3-BF4B-00C04F79EFBC}") = "Quantira.Application.Tests", "tests\Quantira.Application.Tests\Quantira.Application.Tests.csproj", "{62DD046A-56A6-422F-BD73-EC111FA20D08}"
EndProject
Project("{FAE04EC0-301F-11D3-BF4B-00C04F79EFBC}") = "Quantira.Integration.Tests", "tests\Quantira.Integration.Tests\Quantira.Integration.Tests.csproj", "{28E9652A-AFAC-4733-888D-19DAC1232CDA}"
EndProject
Project("{FAE04EC0-301F-11D3-BF4B-00C04F79EFBC}") = "Quantira.Domain.Tests", "tests\Quantira.Domain.Tests\Quantira.Domain.Tests.csproj", "{30F35B4B-2D42-9C1B-D083-BD66EBA9708D}"
EndProject
Global
	GlobalSection(SolutionConfigurationPlatforms) = preSolution
		Debug|Any CPU = Debug|Any CPU
		Debug|x64 = Debug|x64
		Debug|x86 = Debug|x86
		Release|Any CPU = Release|Any CPU
		Release|x64 = Release|x64
		Release|x86 = Release|x86
	EndGlobalSection
	GlobalSection(ProjectConfigurationPlatforms) = postSolution
		{4E7AFB88-7840-4957-A99F-119B6E9A0571}.Debug|Any CPU.ActiveCfg = Debug|Any CPU
		{4E7AFB88-7840-4957-A99F-119B6E9A0571}.Debug|Any CPU.Build.0 = Debug|Any CPU
		{4E7AFB88-7840-4957-A99F-119B6E9A0571}.Debug|x64.ActiveCfg = Debug|Any CPU
		{4E7AFB88-7840-4957-A99F-119B6E9A0571}.Debug|x64.Build.0 = Debug|Any CPU
		{4E7AFB88-7840-4957-A99F-119B6E9A0571}.Debug|x86.ActiveCfg = Debug|Any CPU
		{4E7AFB88-7840-4957-A99F-119B6E9A0571}.Debug|x86.Build.0 = Debug|Any CPU
		{4E7AFB88-7840-4957-A99F-119B6E9A0571}.Release|Any CPU.ActiveCfg = Release|Any CPU
		{4E7AFB88-7840-4957-A99F-119B6E9A0571}.Release|Any CPU.Build.0 = Release|Any CPU
		{4E7AFB88-7840-4957-A99F-119B6E9A0571}.Release|x64.ActiveCfg = Release|Any CPU
		{4E7AFB88-7840-4957-A99F-119B6E9A0571}.Release|x64.Build.0 = Release|Any CPU
		{4E7AFB88-7840-4957-A99F-119B6E9A0571}.Release|x86.ActiveCfg = Release|Any CPU
		{4E7AFB88-7840-4957-A99F-119B6E9A0571}.Release|x86.Build.0 = Release|Any CPU
		{CFB0BB8B-5FF3-45A3-AE0C-4A05904D7F90}.Debug|Any CPU.ActiveCfg = Debug|Any CPU
		{CFB0BB8B-5FF3-45A3-AE0C-4A05904D7F90}.Debug|Any CPU.Build.0 = Debug|Any CPU
		{CFB0BB8B-5FF3-45A3-AE0C-4A05904D7F90}.Debug|x64.ActiveCfg = Debug|Any CPU
		{CFB0BB8B-5FF3-45A3-AE0C-4A05904D7F90}.Debug|x64.Build.0 = Debug|Any CPU
		{CFB0BB8B-5FF3-45A3-AE0C-4A05904D7F90}.Debug|x86.ActiveCfg = Debug|Any CPU
		{CFB0BB8B-5FF3-45A3-AE0C-4A05904D7F90}.Debug|x86.Build.0 = Debug|Any CPU
		{CFB0BB8B-5FF3-45A3-AE0C-4A05904D7F90}.Release|Any CPU.ActiveCfg = Release|Any CPU
		{CFB0BB8B-5FF3-45A3-AE0C-4A05904D7F90}.Release|Any CPU.Build.0 = Release|Any CPU
		{CFB0BB8B-5FF3-45A3-AE0C-4A05904D7F90}.Release|x64.ActiveCfg = Release|Any CPU
		{CFB0BB8B-5FF3-45A3-AE0C-4A05904D7F90}.Release|x64.Build.0 = Release|Any CPU
		{CFB0BB8B-5FF3-45A3-AE0C-4A05904D7F90}.Release|x86.ActiveCfg = Release|Any CPU
		{CFB0BB8B-5FF3-45A3-AE0C-4A05904D7F90}.Release|x86.Build.0 = Release|Any CPU
		{006F342E-F0B7-41E2-BC49-565C8354A4EB}.Debug|Any CPU.ActiveCfg = Debug|Any CPU
		{006F342E-F0B7-41E2-BC49-565C8354A4EB}.Debug|Any CPU.Build.0 = Debug|Any CPU
		{006F342E-F0B7-41E2-BC49-565C8354A4EB}.Debug|x64.ActiveCfg = Debug|Any CPU
		{006F342E-F0B7-41E2-BC49-565C8354A4EB}.Debug|x64.Build.0 = Debug|Any CPU
		{006F342E-F0B7-41E2-BC49-565C8354A4EB}.Debug|x86.ActiveCfg = Debug|Any CPU
		{006F342E-F0B7-41E2-BC49-565C8354A4EB}.Debug|x86.Build.0 = Debug|Any CPU
		{006F342E-F0B7-41E2-BC49-565C8354A4EB}.Release|Any CPU.ActiveCfg = Release|Any CPU
		{006F342E-F0B7-41E2-BC49-565C8354A4EB}.Release|Any CPU.Build.0 = Release|Any CPU
		{006F342E-F0B7-41E2-BC49-565C8354A4EB}.Release|x64.ActiveCfg = Release|Any CPU
		{006F342E-F0B7-41E2-BC49-565C8354A4EB}.Release|x64.Build.0 = Release|Any CPU
		{006F342E-F0B7-41E2-BC49-565C8354A4EB}.Release|x86.ActiveCfg = Release|Any CPU
		{006F342E-F0B7-41E2-BC49-565C8354A4EB}.Release|x86.Build.0 = Release|Any CPU
		{D7DE6CB0-90F5-46C7-9F2E-E8DFBB71CC96}.Debug|Any CPU.ActiveCfg = Debug|Any CPU
		{D7DE6CB0-90F5-46C7-9F2E-E8DFBB71CC96}.Debug|Any CPU.Build.0 = Debug|Any CPU
		{D7DE6CB0-90F5-46C7-9F2E-E8DFBB71CC96}.Debug|x64.ActiveCfg = Debug|Any CPU
		{D7DE6CB0-90F5-46C7-9F2E-E8DFBB71CC96}.Debug|x64.Build.0 = Debug|Any CPU
		{D7DE6CB0-90F5-46C7-9F2E-E8DFBB71CC96}.Debug|x86.ActiveCfg = Debug|Any CPU
		{D7DE6CB0-90F5-46C7-9F2E-E8DFBB71CC96}.Debug|x86.Build.0 = Debug|Any CPU
		{D7DE6CB0-90F5-46C7-9F2E-E8DFBB71CC96}.Release|Any CPU.ActiveCfg = Release|Any CPU
		{D7DE6CB0-90F5-46C7-9F2E-E8DFBB71CC96}.Release|Any CPU.Build.0 = Release|Any CPU
		{D7DE6CB0-90F5-46C7-9F2E-E8DFBB71CC96}.Release|x64.ActiveCfg = Release|Any CPU
		{D7DE6CB0-90F5-46C7-9F2E-E8DFBB71CC96}.Release|x64.Build.0 = Release|Any CPU
		{D7DE6CB0-90F5-46C7-9F2E-E8DFBB71CC96}.Release|x86.ActiveCfg = Release|Any CPU
		{D7DE6CB0-90F5-46C7-9F2E-E8DFBB71CC96}.Release|x86.Build.0 = Release|Any CPU
		{EA7EDF06-30A5-4DA4-BC71-64C967520096}.Debug|Any CPU.ActiveCfg = Debug|Any CPU
		{EA7EDF06-30A5-4DA4-BC71-64C967520096}.Debug|Any CPU.Build.0 = Debug|Any CPU
		{EA7EDF06-30A5-4DA4-BC71-64C967520096}.Debug|x64.ActiveCfg = Debug|Any CPU
		{EA7EDF06-30A5-4DA4-BC71-64C967520096}.Debug|x64.Build.0 = Debug|Any CPU
		{EA7EDF06-30A5-4DA4-BC71-64C967520096}.Debug|x86.ActiveCfg = Debug|Any CPU
		{EA7EDF06-30A5-4DA4-BC71-64C967520096}.Debug|x86.Build.0 = Debug|Any CPU
		{EA7EDF06-30A5-4DA4-BC71-64C967520096}.Release|Any CPU.ActiveCfg = Release|Any CPU
		{EA7EDF06-30A5-4DA4-BC71-64C967520096}.Release|Any CPU.Build.0 = Release|Any CPU
		{EA7EDF06-30A5-4DA4-BC71-64C967520096}.Release|x64.ActiveCfg = Release|Any CPU
		{EA7EDF06-30A5-4DA4-BC71-64C967520096}.Release|x64.Build.0 = Release|Any CPU
		{EA7EDF06-30A5-4DA4-BC71-64C967520096}.Release|x86.ActiveCfg = Release|Any CPU
		{EA7EDF06-30A5-4DA4-BC71-64C967520096}.Release|x86.Build.0 = Release|Any CPU
		{62DD046A-56A6-422F-BD73-EC111FA20D08}.Debug|Any CPU.ActiveCfg = Debug|Any CPU
		{62DD046A-56A6-422F-BD73-EC111FA20D08}.Debug|Any CPU.Build.0 = Debug|Any CPU
		{62DD046A-56A6-422F-BD73-EC111FA20D08}.Debug|x64.ActiveCfg = Debug|Any CPU
		{62DD046A-56A6-422F-BD73-EC111FA20D08}.Debug|x64.Build.0 = Debug|Any CPU
		{62DD046A-56A6-422F-BD73-EC111FA20D08}.Debug|x86.ActiveCfg = Debug|Any CPU
		{62DD046A-56A6-422F-BD73-EC111FA20D08}.Debug|x86.Build.0 = Debug|Any CPU
		{62DD046A-56A6-422F-BD73-EC111FA20D08}.Release|Any CPU.ActiveCfg = Release|Any CPU
		{62DD046A-56A6-422F-BD73-EC111FA20D08}.Release|Any CPU.Build.0 = Release|Any CPU
		{62DD046A-56A6-422F-BD73-EC111FA20D08}.Release|x64.ActiveCfg = Release|Any CPU
		{62DD046A-56A6-422F-BD73-EC111FA20D08}.Release|x64.Build.0 = Release|Any CPU
		{62DD046A-56A6-422F-BD73-EC111FA20D08}.Release|x86.ActiveCfg = Release|Any CPU
		{62DD046A-56A6-422F-BD73-EC111FA20D08}.Release|x86.Build.0 = Release|Any CPU
		{28E9652A-AFAC-4733-888D-19DAC1232CDA}.Debug|Any CPU.ActiveCfg = Debug|Any CPU
		{28E9652A-AFAC-4733-888D-19DAC1232CDA}.Debug|Any CPU.Build.0 = Debug|Any CPU
		{28E9652A-AFAC-4733-888D-19DAC1232CDA}.Debug|x64.ActiveCfg = Debug|Any CPU
		{28E9652A-AFAC-4733-888D-19DAC1232CDA}.Debug|x64.Build.0 = Debug|Any CPU
		{28E9652A-AFAC-4733-888D-19DAC1232CDA}.Debug|x86.ActiveCfg = Debug|Any CPU
		{28E9652A-AFAC-4733-888D-19DAC1232CDA}.Debug|x86.Build.0 = Debug|Any CPU
		{28E9652A-AFAC-4733-888D-19DAC1232CDA}.Release|Any CPU.ActiveCfg = Release|Any CPU
		{28E9652A-AFAC-4733-888D-19DAC1232CDA}.Release|Any CPU.Build.0 = Release|Any CPU
		{28E9652A-AFAC-4733-888D-19DAC1232CDA}.Release|x64.ActiveCfg = Release|Any CPU
		{28E9652A-AFAC-4733-888D-19DAC1232CDA}.Release|x64.Build.0 = Release|Any CPU
		{28E9652A-AFAC-4733-888D-19DAC1232CDA}.Release|x86.ActiveCfg = Release|Any CPU
		{28E9652A-AFAC-4733-888D-19DAC1232CDA}.Release|x86.Build.0 = Release|Any CPU
		{30F35B4B-2D42-9C1B-D083-BD66EBA9708D}.Debug|Any CPU.ActiveCfg = Debug|Any CPU
		{30F35B4B-2D42-9C1B-D083-BD66EBA9708D}.Debug|Any CPU.Build.0 = Debug|Any CPU
		{30F35B4B-2D42-9C1B-D083-BD66EBA9708D}.Debug|x64.ActiveCfg = Debug|Any CPU
		{30F35B4B-2D42-9C1B-D083-BD66EBA9708D}.Debug|x64.Build.0 = Debug|Any CPU
		{30F35B4B-2D42-9C1B-D083-BD66EBA9708D}.Debug|x86.ActiveCfg = Debug|Any CPU
		{30F35B4B-2D42-9C1B-D083-BD66EBA9708D}.Debug|x86.Build.0 = Debug|Any CPU
		{30F35B4B-2D42-9C1B-D083-BD66EBA9708D}.Release|Any CPU.ActiveCfg = Release|Any CPU
		{30F35B4B-2D42-9C1B-D083-BD66EBA9708D}.Release|Any CPU.Build.0 = Release|Any CPU
		{30F35B4B-2D42-9C1B-D083-BD66EBA9708D}.Release|x64.ActiveCfg = Release|Any CPU
		{30F35B4B-2D42-9C1B-D083-BD66EBA9708D}.Release|x64.Build.0 = Release|Any CPU
		{30F35B4B-2D42-9C1B-D083-BD66EBA9708D}.Release|x86.ActiveCfg = Release|Any CPU
		{30F35B4B-2D42-9C1B-D083-BD66EBA9708D}.Release|x86.Build.0 = Release|Any CPU
	EndGlobalSection
	GlobalSection(SolutionProperties) = preSolution
		HideSolutionNode = FALSE
	EndGlobalSection
	GlobalSection(NestedProjects) = preSolution
		{4E7AFB88-7840-4957-A99F-119B6E9A0571} = {827E0CD3-B72D-47B6-A68D-7590B98EB39B}
		{CFB0BB8B-5FF3-45A3-AE0C-4A05904D7F90} = {827E0CD3-B72D-47B6-A68D-7590B98EB39B}
		{006F342E-F0B7-41E2-BC49-565C8354A4EB} = {827E0CD3-B72D-47B6-A68D-7590B98EB39B}
		{D7DE6CB0-90F5-46C7-9F2E-E8DFBB71CC96} = {827E0CD3-B72D-47B6-A68D-7590B98EB39B}
		{EA7EDF06-30A5-4DA4-BC71-64C967520096} = {827E0CD3-B72D-47B6-A68D-7590B98EB39B}
		{62DD046A-56A6-422F-BD73-EC111FA20D08} = {0AB3BF05-4346-4AA6-1389-037BE0695223}
		{28E9652A-AFAC-4733-888D-19DAC1232CDA} = {0AB3BF05-4346-4AA6-1389-037BE0695223}
		{30F35B4B-2D42-9C1B-D083-BD66EBA9708D} = {0AB3BF05-4346-4AA6-1389-037BE0695223}
	EndGlobalSection
	GlobalSection(ExtensibilityGlobals) = postSolution
		SolutionGuid = {3AA572F3-4DA6-4CC0-BC78-F1FAFE695811}
	EndGlobalSection
EndGlobal
